
Microsoft Visual Studio Solution File, Format Version 12.00
# Visual Studio 15
Project("{FAE04EC0-301F-11D3-BF4B-00C04F79EFBC}") = "recipe-guru.Model", "recipe-guru.Model\recipe-guru.Model.csproj", "{47102B06-2448-49E7-BEDA-EA84B93E226E}"
EndProject
Project("{FAE04EC0-301F-11D3-BF4B-00C04F79EFBC}") = "recipe-guru.WebAPI", "recipe-guru.WebAPI\recipe-guru.WebAPI.csproj", "{51E72482-150D-4C88-856A-5421229130DC}"
EndProject
Global
	GlobalSection(SolutionConfigurationPlatforms) = preSolution
		Debug|Any CPU = Debug|Any CPU
		Release|Any CPU = Release|Any CPU
	EndGlobalSection
	GlobalSection(ProjectConfigurationPlatforms) = postSolution
		{47102B06-2448-49E7-BEDA-EA84B93E226E}.Debug|Any CPU.ActiveCfg = Debug|Any CPU
		{47102B06-2448-49E7-BEDA-EA84B93E226E}.Debug|Any CPU.Build.0 = Debug|Any CPU
		{47102B06-2448-49E7-BEDA-EA84B93E226E}.Release|Any CPU.ActiveCfg = Release|Any CPU
		{47102B06-2448-49E7-BEDA-EA84B93E226E}.Release|Any CPU.Build.0 = Release|Any CPU
		{51E72482-150D-4C88-856A-5421229130DC}.Debug|Any CPU.ActiveCfg = Debug|Any CPU
		{51E72482-150D-4C88-856A-5421229130DC}.Debug|Any CPU.Build.0 = Debug|Any CPU
		{51E72482-150D-4C88-856A-5421229130DC}.Release|Any CPU.ActiveCfg = Release|Any CPU
		{51E72482-150D-4C88-856A-5421229130DC}.Release|Any CPU.Build.0 = Release|Any CPU
	EndGlobalSection
EndGlobal
